// !$*UTF8*$!
{
	archiveVersion = 1;
	classes = {
	};
	objectVersion = 110;
	objects = {

/* Begin PBXContainerItemProxy section */
		AA890CD33065282500284C75 /* PBXContainerItemProxy */ = {
			isa = PBXContainerItemProxy;
			containerPortal = AA890CBD3065282200284C75 /* Project object */;
			proxyType = 1;
			remoteGlobalIDString = AA890CC43065282300284C75;
			remoteInfo = SoleraIOSChallenge;
		};
		AA890CDD3065282500284C75 /* PBXContainerItemProxy */ = {
			isa = PBXContainerItemProxy;
			containerPortal = AA890CBD3065282200284C75 /* Project object */;
			proxyType = 1;
			remoteGlobalIDString = AA890CC43065282300284C75;
			remoteInfo = SoleraIOSChallenge;
		};
/* End PBXContainerItemProxy section */

/* Begin PBXFileReference section */
		AA890CC53065282300284C75 /* SoleraIOSChallenge.app */ = {isa = PBXFileReference; explicitFileType = wrapper.application; includeInIndex = 0; path = SoleraIOSChallenge.app; sourceTree = BUILT_PRODUCTS_DIR; };
		AA890CD23065282500284C75 /* SoleraIOSChallengeTests.xctest */ = {isa = PBXFileReference; explicitFileType = wrapper.cfbundle; includeInIndex = 0; path = SoleraIOSChallengeTests.xctest; sourceTree = BUILT_PRODUCTS_DIR; };
		AA890CDC3065282500284C75 /* SoleraIOSChallengeUITests.xctest */ = {isa = PBXFileReference; explicitFileType = wrapper.cfbundle; includeInIndex = 0; path = SoleraIOSChallengeUITests.xctest; sourceTree = BUILT_PRODUCTS_DIR; };
/* End PBXFileReference section */

/* Begin PBXFileSystemSynchronizedRootGroup section */
		AA890CC73065282300284C75 /* SoleraIOSChallenge */ = {
			isa = PBXFileSystemSynchronizedRootGroup;
			path = SoleraIOSChallenge;
			sourceTree = "<group>";
		};
		AA890CD53065282500284C75 /* SoleraIOSChallengeTests */ = {
			isa = PBXFileSystemSynchronizedRootGroup;
			path = SoleraIOSChallengeTests;
			sourceTree = "<group>";
		};
		AA890CDF3065282500284C75 /* SoleraIOSChallengeUITests */ = {
			isa = PBXFileSystemSynchronizedRootGroup;
			path = SoleraIOSChallengeUITests;
			sourceTree = "<group>";
		};
/* End PBXFileSystemSynchronizedRootGroup section */

/* Begin PBXFrameworksBuildPhase section */
		AA890CC23065282300284C75 /* Frameworks */ = {
			isa = PBXFrameworksBuildPhase;
			files = (
			);
		};
		AA890CCF3065282500284C75 /* Frameworks */ = {
			isa = PBXFrameworksBuildPhase;
			files = (
			);
		};
		AA890CD93065282500284C75 /* Frameworks */ = {
			isa = PBXFrameworksBuildPhase;
			files = (
			);
		};
/* End PBXFrameworksBuildPhase section */

/* Begin PBXGroup section */
		AA890CBC3065282200284C75 = {
			isa = PBXGroup;
			children = (
				AA890CC73065282300284C75 /* SoleraIOSChallenge */,
				AA890CD53065282500284C75 /* SoleraIOSChallengeTests */,
				AA890CDF3065282500284C75 /* SoleraIOSChallengeUITests */,
				AA890CC63065282300284C75 /* Products */,
			);
			sourceTree = "<group>";
		};
		AA890CC63065282300284C75 /* Products */ = {
			isa = PBXGroup;
			children = (
				AA890CC53065282300284C75 /* SoleraIOSChallenge.app */,
				AA890CD23065282500284C75 /* SoleraIOSChallengeTests.xctest */,
				AA890CDC3065282500284C75 /* SoleraIOSChallengeUITests.xctest */,
			);
			name = Products;
			sourceTree = "<group>";
		};
/* End PBXGroup section */

/* Begin PBXNativeTarget section */
		AA890CC43065282300284C75 /* SoleraIOSChallenge */ = {
			isa = PBXNativeTarget;
			buildConfigurationList = AA890CE43065282500284C75 /* Build configuration list for PBXNativeTarget "SoleraIOSChallenge" */;
			buildPhases = (
				AA890CC13065282300284C75 /* Sources */,
				AA890CC23065282300284C75 /* Frameworks */,
				AA890CC33065282300284C75 /* Resources */,
			);
			buildRules = (
			);
			fileSystemSynchronizedGroups = (
				AA890CC73065282300284C75 /* SoleraIOSChallenge */,
			);
			name = SoleraIOSChallenge;
			productName = SoleraIOSChallenge;
			productReference = AA890CC53065282300284C75 /* SoleraIOSChallenge.app */;
			productType = "com.apple.product-type.application";
		};
		AA890CD13065282500284C75 /* SoleraIOSChallengeTests */ = {
			isa = PBXNativeTarget;
			buildConfigurationList = AA890CE73065282500284C75 /* Build configuration list for PBXNativeTarget "SoleraIOSChallengeTests" */;
			buildPhases = (
				AA890CCE3065282500284C75 /* Sources */,
				AA890CCF3065282500284C75 /* Frameworks */,
				AA890CD03065282500284C75 /* Resources */,
			);
			buildRules = (
			);
			dependencies = (
				AA890CD43065282500284C75 /* PBXTargetDependency */,
			);
			fileSystemSynchronizedGroups = (
				AA890CD53065282500284C75 /* SoleraIOSChallengeTests */,
			);
			name = SoleraIOSChallengeTests;
			productName = SoleraIOSChallengeTests;
			productReference = AA890CD23065282500284C75 /* SoleraIOSChallengeTests.xctest */;
			productType = "com.apple.product-type.bundle.unit-test";
		};
		AA890CDB3065282500284C75 /* SoleraIOSChallengeUITests */ = {
			isa = PBXNativeTarget;
			buildConfigurationList = AA890CEA3065282500284C75 /* Build configuration list for PBXNativeTarget "SoleraIOSChallengeUITests" */;
			buildPhases = (
				AA890CD83065282500284C75 /* Sources */,
				AA890CD93065282500284C75 /* Frameworks */,
				AA890CDA3065282500284C75 /* Resources */,
			);
			buildRules = (
			);
			dependencies = (
				AA890CDE3065282500284C75 /* PBXTargetDependency */,
			);
			fileSystemSynchronizedGroups = (
				AA890CDF3065282500284C75 /* SoleraIOSChallengeUITests */,
			);
			name = SoleraIOSChallengeUITests;
			productName = SoleraIOSChallengeUITests;
			productReference = AA890CDC3065282500284C75 /* SoleraIOSChallengeUITests.xctest */;
			productType = "com.apple.product-type.bundle.ui-testing";
		};
/* End PBXNativeTarget section */

/* Begin PBXProject section */
		AA890CBD3065282200284C75 /* Project object */ = {
			isa = PBXProject;
			attributes = {
				BuildIndependentTargetsInParallel = 1;
				LastSwiftUpdateCheck = 2700;
				LastUpgradeCheck = 2700;
				TargetAttributes = {
					AA890CC43065282300284C75 = {
						CreatedOnToolsVersion = 27.0;
					};
					AA890CD13065282500284C75 = {
						CreatedOnToolsVersion = 27.0;
						TestTargetID = AA890CC43065282300284C75;
					};
					AA890CDB3065282500284C75 = {
						CreatedOnToolsVersion = 27.0;
						TestTargetID = AA890CC43065282300284C75;
					};
				};
			};
			buildConfigurationList = AA890CC03065282200284C75 /* Build configuration list for PBXProject "SoleraIOSChallenge" */;
			developmentRegion = en;
			hasScannedForEncodings = 0;
			knownRegions = (
				en,
				Base,
			);
			mainGroup = AA890CBC3065282200284C75;
			minimizedProjectReferenceProxies = 1;
			preferredProjectObjectVersion = 77;
			productRefGroup = AA890CC63065282300284C75 /* Products */;
			projectDirPath = "";
			projectRoot = "";
			targets = (
				AA890CC43065282300284C75 /* SoleraIOSChallenge */,
				AA890CD13065282500284C75 /* SoleraIOSChallengeTests */,
				AA890CDB3065282500284C75 /* SoleraIOSChallengeUITests */,
			);
		};
/* End PBXProject section */

/* Begin PBXResourcesBuildPhase section */
		AA890CC33065282300284C75 /* Resources */ = {
			isa = PBXResourcesBuildPhase;
			files = (
			);
		};
		AA890CD03065282500284C75 /* Resources */ = {
			isa = PBXResourcesBuildPhase;
			files = (
			);
		};
		AA890CDA3065282500284C75 /* Resources */ = {
			isa = PBXResourcesBuildPhase;
			files = (
			);
		};
/* End PBXResourcesBuildPhase section */

/* Begin PBXSourcesBuildPhase section */
		AA890CC13065282300284C75 /* Sources */ = {
			isa = PBXSourcesBuildPhase;
			files = (
			);
		};
		AA890CCE3065282500284C75 /* Sources */ = {
			isa = PBXSourcesBuildPhase;
			files = (
			);
		};
		AA890CD83065282500284C75 /* Sources */ = {
			isa = PBXSourcesBuildPhase;
			files = (
			);
		};
/* End PBXSourcesBuildPhase section */

/* Begin PBXTargetDependency section */
		AA890CD43065282500284C75 /* PBXTargetDependency */ = {
			isa = PBXTargetDependency;
			target = AA890CC43065282300284C75 /* SoleraIOSChallenge */;
			targetProxy = AA890CD33065282500284C75 /* PBXContainerItemProxy */;
		};
		AA890CDE3065282500284C75 /* PBXTargetDependency */ = {
			isa = PBXTargetDependency;
			target = AA890CC43065282300284C75 /* SoleraIOSChallenge */;
			targetProxy = AA890CDD3065282500284C75 /* PBXContainerItemProxy */;
		};
/* End PBXTargetDependency section */

/* Begin XCBuildConfiguration section */
		AA890CE23065282500284C75 /* Debug configuration for PBXProject "SoleraIOSChallenge" */ = {
			isa = XCBuildConfiguration;
			buildSettings = {
				ALWAYS_SEARCH_USER_PATHS = NO;
				ASSETCATALOG_COMPILER_GENERATE_SWIFT_ASSET_SYMBOL_EXTENSIONS = YES;
				CLANG_ANALYZER_NONNULL = YES;
				CLANG_ANALYZER_NUMBER_OBJECT_CONVERSION = YES_AGGRESSIVE;
				CLANG_CXX_LANGUAGE_STANDARD = "gnu++20";
				CLANG_ENABLE_MODULES = YES;
				CLANG_ENABLE_OBJC_ARC = YES;
				CLANG_ENABLE_OBJC_WEAK = YES;
				CLANG_WARN_BLOCK_CAPTURE_AUTORELEASING = YES;
				CLANG_WARN_BOOL_CONVERSION = YES;
				CLANG_WARN_COMMA = YES;
				CLANG_WARN_CONSTANT_CONVERSION = YES;
				CLANG_WARN_DEPRECATED_OBJC_IMPLEMENTATIONS = YES;
				CLANG_WARN_DIRECT_OBJC_ISA_USAGE = YES_ERROR;
				CLANG_WARN_DOCUMENTATION_COMMENTS = YES;
				CLANG_WARN_EMPTY_BODY = YES;
				CLANG_WARN_ENUM_CONVERSION = YES;
				CLANG_WARN_INFINITE_RECURSION = YES;
				CLANG_WARN_INT_CONVERSION = YES;
				CLANG_WARN_NON_LITERAL_NULL_CONVERSION = YES;
				CLANG_WARN_OBJC_IMPLICIT_RETAIN_SELF = YES;
				CLANG_WARN_OBJC_LITERAL_CONVERSION = YES;
				CLANG_WARN_OBJC_ROOT_CLASS = YES_ERROR;
				CLANG_WARN_QUOTED_INCLUDE_IN_FRAMEWORK_HEADER = YES;
				CLANG_WARN_RANGE_LOOP_ANALYSIS = YES;
				CLANG_WARN_STRICT_PROTOTYPES = YES;
				CLANG_WARN_SUSPICIOUS_MOVE = YES;
				CLANG_WARN_UNGUARDED_AVAILABILITY = YES_AGGRESSIVE;
				CLANG_WARN_UNREACHABLE_CODE = YES;
				CLANG_WARN__DUPLICATE_METHOD_MATCH = YES;
				COPY_PHASE_STRIP = NO;
				DEBUG_INFORMATION_FORMAT = dwarf;
				ENABLE_STRICT_OBJC_MSGSEND = YES;
				ENABLE_TESTABILITY = YES;
				ENABLE_USER_SCRIPT_SANDBOXING = YES;
				GCC_C_LANGUAGE_STANDARD = gnu17;
				GCC_DYNAMIC_NO_PIC = NO;
				GCC_NO_COMMON_BLOCKS = YES;
				GCC_OPTIMIZATION_LEVEL = 0;
				GCC_PREPROCESSOR_DEFINITIONS = (
					"DEBUG=1",
					"$(inherited)",
				);
				GCC_WARN_64_TO_32_BIT_CONVERSION = YES;
				GCC_WARN_ABOUT_RETURN_TYPE = YES_ERROR;
				GCC_WARN_UNDECLARED_SELECTOR = YES;
				GCC_WARN_UNINITIALIZED_AUTOS = YES_AGGRESSIVE;
				GCC_WARN_UNUSED_FUNCTION = YES;
				GCC_WARN_UNUSED_VARIABLE = YES;
				IPHONEOS_DEPLOYMENT_TARGET = 27.0;
				LOCALIZATION_PREFERS_STRING_CATALOGS = YES;
				MTL_ENABLE_DEBUG_INFO = INCLUDE_SOURCE;
				MTL_FAST_MATH = YES;
				ONLY_ACTIVE_ARCH = YES;
				SDKROOT = iphoneos;
				SWIFT_ACTIVE_COMPILATION_CONDITIONS = "DEBUG $(inherited)";
				SWIFT_OPTIMIZATION_LEVEL = "-Onone";
			};
			name = Debug;
		};
		AA890CE33065282500284C75 /* Release configuration for PBXProject "SoleraIOSChallenge" */ = {
			isa = XCBuildConfiguration;
			buildSettings = {
				ALWAYS_SEARCH_USER_PATHS = NO;
				ASSETCATALOG_COMPILER_GENERATE_SWIFT_ASSET_SYMBOL_EXTENSIONS = YES;
				CLANG_ANALYZER_NONNULL = YES;
				CLANG_ANALYZER_NUMBER_OBJECT_CONVERSION = YES_AGGRESSIVE;
				CLANG_CXX_LANGUAGE_STANDARD = "gnu++20";
				CLANG_ENABLE_MODULES = YES;
				CLANG_ENABLE_OBJC_ARC = YES;
				CLANG_ENABLE_OBJC_WEAK = YES;
				CLANG_WARN_BLOCK_CAPTURE_AUTORELEASING = YES;
				CLANG_WARN_BOOL_CONVERSION = YES;
				CLANG_WARN_COMMA = YES;
				CLANG_WARN_CONSTANT_CONVERSION = YES;
				CLANG_WARN_DEPRECATED_OBJC_IMPLEMENTATIONS = YES;
				CLANG_WARN_DIRECT_OBJC_ISA_USAGE = YES_ERROR;
				CLANG_WARN_DOCUMENTATION_COMMENTS = YES;
				CLANG_WARN_EMPTY_BODY = YES;
				CLANG_WARN_ENUM_CONVERSION = YES;
				CLANG_WARN_INFINITE_RECURSION = YES;
				CLANG_WARN_INT_CONVERSION = YES;
				CLANG_WARN_NON_LITERAL_NULL_CONVERSION = YES;
				CLANG_WARN_OBJC_IMPLICIT_RETAIN_SELF = YES;
				CLANG_WARN_OBJC_LITERAL_CONVERSION = YES;
				CLANG_WARN_OBJC_ROOT_CLASS = YES_ERROR;
				CLANG_WARN_QUOTED_INCLUDE_IN_FRAMEWORK_HEADER = YES;
				CLANG_WARN_RANGE_LOOP_ANALYSIS = YES;
				CLANG_WARN_STRICT_PROTOTYPES = YES;
				CLANG_WARN_SUSPICIOUS_MOVE = YES;
				CLANG_WARN_UNGUARDED_AVAILABILITY = YES_AGGRESSIVE;
				CLANG_WARN_UNREACHABLE_CODE = YES;
				CLANG_WARN__DUPLICATE_METHOD_MATCH = YES;
				COPY_PHASE_STRIP = NO;
				DEBUG_INFORMATION_FORMAT = "dwarf-with-dsym";
				ENABLE_NS_ASSERTIONS = NO;
				ENABLE_STRICT_OBJC_MSGSEND = YES;
				ENABLE_USER_SCRIPT_SANDBOXING = YES;
				GCC_C_LANGUAGE_STANDARD = gnu17;
				GCC_NO_COMMON_BLOCKS = YES;
				GCC_WARN_64_TO_32_BIT_CONVERSION = YES;
				GCC_WARN_ABOUT_RETURN_TYPE = YES_ERROR;
				GCC_WARN_UNDECLARED_SELECTOR = YES;
				GCC_WARN_UNINITIALIZED_AUTOS = YES_AGGRESSIVE;
				GCC_WARN_UNUSED_FUNCTION = YES;
				GCC_WARN_UNUSED_VARIABLE = YES;
				IPHONEOS_DEPLOYMENT_TARGET = 27.0;
				LOCALIZATION_PREFERS_STRING_CATALOGS = YES;
				MTL_ENABLE_DEBUG_INFO = NO;
				MTL_FAST_MATH = YES;
				SDKROOT = iphoneos;
				SWIFT_COMPILATION_MODE = wholemodule;
				VALIDATE_PRODUCT = YES;
			};
			name = Release;
		};
		AA890CE53065282500284C75 /* Debug configuration for PBXNativeTarget "SoleraIOSChallenge" */ = {
			isa = XCBuildConfiguration;
			buildSettings = {
				ASSETCATALOG_COMPILER_APPICON_NAME = AppIcon;
				ASSETCATALOG_COMPILER_GLOBAL_ACCENT_COLOR_NAME = AccentColor;
				CODE_SIGN_STYLE = Automatic;
				CURRENT_PROJECT_VERSION = 1;
				ENABLE_PREVIEWS = YES;
				GENERATE_INFOPLIST_FILE = YES;
				INFOPLIST_KEY_UIApplicationSceneManifest_Generation = YES;
				INFOPLIST_KEY_UIApplicationSupportsIndirectInputEvents = YES;
				INFOPLIST_KEY_UILaunchScreen_Generation = YES;
				INFOPLIST_KEY_UISupportedInterfaceOrientations_iPad = "UIInterfaceOrientationPortrait UIInterfaceOrientationPortraitUpsideDown UIInterfaceOrientationLandscapeLeft UIInterfaceOrientationLandscapeRight";
				INFOPLIST_KEY_UISupportedInterfaceOrientations_iPhone = "UIInterfaceOrientationPortrait UIInterfaceOrientationLandscapeLeft UIInterfaceOrientationLandscapeRight";
				LD_RUNPATH_SEARCH_PATHS = (
					"$(inherited)",
					"@executable_path/Frameworks",
				);
				MARKETING_VERSION = 1.0;
				PRODUCT_BUNDLE_IDENTIFIER = test.solera.SoleraIOSChallenge;
				PRODUCT_NAME = "$(TARGET_NAME)";
				STRING_CATALOG_GENERATE_SYMBOLS = YES;
				SWIFT_APPROACHABLE_CONCURRENCY = YES;
				SWIFT_DEFAULT_ACTOR_ISOLATION = MainActor;
				SWIFT_EMIT_LOC_STRINGS = YES;
				SWIFT_UPCOMING_FEATURE_MEMBER_IMPORT_VISIBILITY = YES;
				SWIFT_VERSION = 5.0;
				TARGETED_DEVICE_FAMILY = "1,2";
			};
			name = Debug;
		};
		AA890CE63065282500284C75 /* Release configuration for PBXNativeTarget "SoleraIOSChallenge" */ = {
			isa = XCBuildConfiguration;
			buildSettings = {
				ASSETCATALOG_COMPILER_APPICON_NAME = AppIcon;
				ASSETCATALOG_COMPILER_GLOBAL_ACCENT_COLOR_NAME = AccentColor;
				CODE_SIGN_STYLE = Automatic;
				CURRENT_PROJECT_VERSION = 1;
				ENABLE_PREVIEWS = YES;
				GENERATE_INFOPLIST_FILE = YES;
				INFOPLIST_KEY_UIApplicationSceneManifest_Generation = YES;
				INFOPLIST_KEY_UIApplicationSupportsIndirectInputEvents = YES;
				INFOPLIST_KEY_UILaunchScreen_Generation = YES;
				INFOPLIST_KEY_UISupportedInterfaceOrientations_iPad = "UIInterfaceOrientationPortrait UIInterfaceOrientationPortraitUpsideDown UIInterfaceOrientationLandscapeLeft UIInterfaceOrientationLandscapeRight";
				INFOPLIST_KEY_UISupportedInterfaceOrientations_iPhone = "UIInterfaceOrientationPortrait UIInterfaceOrientationLandscapeLeft UIInterfaceOrientationLandscapeRight";
				LD_RUNPATH_SEARCH_PATHS = (
					"$(inherited)",
					"@executable_path/Frameworks",
				);
				MARKETING_VERSION = 1.0;
				PRODUCT_BUNDLE_IDENTIFIER = test.solera.SoleraIOSChallenge;
				PRODUCT_NAME = "$(TARGET_NAME)";
				STRING_CATALOG_GENERATE_SYMBOLS = YES;
				SWIFT_APPROACHABLE_CONCURRENCY = YES;
				SWIFT_DEFAULT_ACTOR_ISOLATION = MainActor;
				SWIFT_EMIT_LOC_STRINGS = YES;
				SWIFT_UPCOMING_FEATURE_MEMBER_IMPORT_VISIBILITY = YES;
				SWIFT_VERSION = 5.0;
				TARGETED_DEVICE_FAMILY = "1,2";
			};
			name = Release;
		};
		AA890CE83065282500284C75 /* Debug configuration for PBXNativeTarget "SoleraIOSChallengeTests" */ = {
			isa = XCBuildConfiguration;
			buildSettings = {
				BUNDLE_LOADER = "$(TEST_HOST)";
				CODE_SIGN_STYLE = Automatic;
				CURRENT_PROJECT_VERSION = 1;
				GENERATE_INFOPLIST_FILE = YES;
				IPHONEOS_DEPLOYMENT_TARGET = 27.0;
				MARKETING_VERSION = 1.0;
				PRODUCT_BUNDLE_IDENTIFIER = test.solera.SoleraIOSChallengeTests;
				PRODUCT_NAME = "$(TARGET_NAME)";
				STRING_CATALOG_GENERATE_SYMBOLS = NO;
				SWIFT_APPROACHABLE_CONCURRENCY = YES;
				SWIFT_EMIT_LOC_STRINGS = NO;
				SWIFT_UPCOMING_FEATURE_MEMBER_IMPORT_VISIBILITY = YES;
				SWIFT_VERSION = 5.0;
				TARGETED_DEVICE_FAMILY = "1,2";
				TEST_HOST = "$(BUILT_PRODUCTS_DIR)/SoleraIOSChallenge.app/$(BUNDLE_EXECUTABLE_FOLDER_PATH)/SoleraIOSChallenge";
			};
			name = Debug;
		};
		AA890CE93065282500284C75 /* Release configuration for PBXNativeTarget "SoleraIOSChallengeTests" */ = {
			isa = XCBuildConfiguration;
			buildSettings = {
				BUNDLE_LOADER = "$(TEST_HOST)";
				CODE_SIGN_STYLE = Automatic;
				CURRENT_PROJECT_VERSION = 1;
				GENERATE_INFOPLIST_FILE = YES;
				IPHONEOS_DEPLOYMENT_TARGET = 27.0;
				MARKETING_VERSION = 1.0;
				PRODUCT_BUNDLE_IDENTIFIER = test.solera.SoleraIOSChallengeTests;
				PRODUCT_NAME = "$(TARGET_NAME)";
				STRING_CATALOG_GENERATE_SYMBOLS = NO;
				SWIFT_APPROACHABLE_CONCURRENCY = YES;
				SWIFT_EMIT_LOC_STRINGS = NO;
				SWIFT_UPCOMING_FEATURE_MEMBER_IMPORT_VISIBILITY = YES;
				SWIFT_VERSION = 5.0;
				TARGETED_DEVICE_FAMILY = "1,2";
				TEST_HOST = "$(BUILT_PRODUCTS_DIR)/SoleraIOSChallenge.app/$(BUNDLE_EXECUTABLE_FOLDER_PATH)/SoleraIOSChallenge";
			};
			name = Release;
		};
		AA890CEB3065282500284C75 /* Debug configuration for PBXNativeTarget "SoleraIOSChallengeUITests" */ = {
			isa = XCBuildConfiguration;
			buildSettings = {
				CODE_SIGN_STYLE = Automatic;
				CURRENT_PROJECT_VERSION = 1;
				GENERATE_INFOPLIST_FILE = YES;
				MARKETING_VERSION = 1.0;
				PRODUCT_BUNDLE_IDENTIFIER = test.solera.SoleraIOSChallengeUITests;
				PRODUCT_NAME = "$(TARGET_NAME)";
				STRING_CATALOG_GENERATE_SYMBOLS = NO;
				SWIFT_APPROACHABLE_CONCURRENCY = YES;
				SWIFT_EMIT_LOC_STRINGS = NO;
				SWIFT_UPCOMING_FEATURE_MEMBER_IMPORT_VISIBILITY = YES;
				SWIFT_VERSION = 5.0;
				TARGETED_DEVICE_FAMILY = "1,2";
				TEST_TARGET_NAME = SoleraIOSChallenge;
			};
			name = Debug;
		};
		AA890CEC3065282500284C75 /* Release configuration for PBXNativeTarget "SoleraIOSChallengeUITests" */ = {
			isa = XCBuildConfiguration;
			buildSettings = {
				CODE_SIGN_STYLE = Automatic;
				CURRENT_PROJECT_VERSION = 1;
				GENERATE_INFOPLIST_FILE = YES;
				MARKETING_VERSION = 1.0;
				PRODUCT_BUNDLE_IDENTIFIER = test.solera.SoleraIOSChallengeUITests;
				PRODUCT_NAME = "$(TARGET_NAME)";
				STRING_CATALOG_GENERATE_SYMBOLS = NO;
				SWIFT_APPROACHABLE_CONCURRENCY = YES;
				SWIFT_EMIT_LOC_STRINGS = NO;
				SWIFT_UPCOMING_FEATURE_MEMBER_IMPORT_VISIBILITY = YES;
				SWIFT_VERSION = 5.0;
				TARGETED_DEVICE_FAMILY = "1,2";
				TEST_TARGET_NAME = SoleraIOSChallenge;
			};
			name = Release;
		};
/* End XCBuildConfiguration section */

/* Begin XCConfigurationList section */
		AA890CC03065282200284C75 /* Build configuration list for PBXProject "SoleraIOSChallenge" */ = {
			isa = XCConfigurationList;
			buildConfigurations = (
				AA890CE23065282500284C75 /* Debug configuration for PBXProject "SoleraIOSChallenge" */,
				AA890CE33065282500284C75 /* Release configuration for PBXProject "SoleraIOSChallenge" */,
			);
			defaultConfigurationName = Release;
		};
		AA890CE43065282500284C75 /* Build configuration list for PBXNativeTarget "SoleraIOSChallenge" */ = {
			isa = XCConfigurationList;
			buildConfigurations = (
				AA890CE53065282500284C75 /* Debug configuration for PBXNativeTarget "SoleraIOSChallenge" */,
				AA890CE63065282500284C75 /* Release configuration for PBXNativeTarget "SoleraIOSChallenge" */,
			);
			defaultConfigurationName = Release;
		};
		AA890CE73065282500284C75 /* Build configuration list for PBXNativeTarget "SoleraIOSChallengeTests" */ = {
			isa = XCConfigurationList;
			buildConfigurations = (
				AA890CE83065282500284C75 /* Debug configuration for PBXNativeTarget "SoleraIOSChallengeTests" */,
				AA890CE93065282500284C75 /* Release configuration for PBXNativeTarget "SoleraIOSChallengeTests" */,
			);
			defaultConfigurationName = Release;
		};
		AA890CEA3065282500284C75 /* Build configuration list for PBXNativeTarget "SoleraIOSChallengeUITests" */ = {
			isa = XCConfigurationList;
			buildConfigurations = (
				AA890CEB3065282500284C75 /* Debug configuration for PBXNativeTarget "SoleraIOSChallengeUITests" */,
				AA890CEC3065282500284C75 /* Release configuration for PBXNativeTarget "SoleraIOSChallengeUITests" */,
			);
			defaultConfigurationName = Release;
		};
/* End XCConfigurationList section */
	};
	rootObject = AA890CBD3065282200284C75 /* Project object */;
	validationLevel = 1;
}
